
Microsoft Visual Studio Solution File, Format Version 12.00
# Visual Studio Version 17
VisualStudioVersion = 17.4.33205.214
MinimumVisualStudioVersion = 10.0.40219.1
Project("{FAE04EC0-301F-11D3-BF4B-00C04F79EFBC}") = "WebStore_Server", "WebStore_Server\WebStore_Server.csproj", "{6E4D220B-FB69-41CF-B8A8-5412A467B185}"
EndProject
Global
	GlobalSection(SolutionConfigurationPlatforms) = preSolution
		Debug|Any CPU = Debug|Any CPU
		Release|Any CPU = Release|Any CPU
	EndGlobalSection
	GlobalSection(ProjectConfigurationPlatforms) = postSolution
		{6E4D220B-FB69-41CF-B8A8-5412A467B185}.Debug|Any CPU.ActiveCfg = Debug|Any CPU
		{6E4D220B-FB69-41CF-B8A8-5412A467B185}.Debug|Any CPU.Build.0 = Debug|Any CPU
		{6E4D220B-FB69-41CF-B8A8-5412A467B185}.Release|Any CPU.ActiveCfg = Release|Any CPU
		{6E4D220B-FB69-41CF-B8A8-5412A467B185}.Release|Any CPU.Build.0 = Release|Any CPU
	EndGlobalSection
	GlobalSection(SolutionProperties) = preSolution
		HideSolutionNode = FALSE
	EndGlobalSection
	GlobalSection(ExtensibilityGlobals) = postSolution
		SolutionGuid = {27E32F33-8467-4515-9580-25B282A5E278}
	EndGlobalSection
EndGlobal
